
Microsoft Visual Studio Solution File, Format Version 12.00
# Visual Studio 2012
Project("{FAE04EC0-301F-11D3-BF4B-00C04F79EFBC}") = "AmoPro", "AmoPro\AmoPro.csproj", "{84CB224B-AC0E-4EE1-8C92-D3B5D2357DDA}"
EndProject
Project("{FAE04EC0-301F-11D3-BF4B-00C04F79EFBC}") = "AmoPro.Tests", "AmoPro.Tests\AmoPro.Tests.csproj", "{E8AFDED0-11EB-4A74-B8D2-F2653732E34C}"
EndProject
Global
	GlobalSection(SolutionConfigurationPlatforms) = preSolution
		Debug|Any CPU = Debug|Any CPU
		Release|Any CPU = Release|Any CPU
	EndGlobalSection
	GlobalSection(ProjectConfigurationPlatforms) = postSolution
		{84CB224B-AC0E-4EE1-8C92-D3B5D2357DDA}.Debug|Any CPU.ActiveCfg = Debug|Any CPU
		{84CB224B-AC0E-4EE1-8C92-D3B5D2357DDA}.Debug|Any CPU.Build.0 = Debug|Any CPU
		{84CB224B-AC0E-4EE1-8C92-D3B5D2357DDA}.Release|Any CPU.ActiveCfg = Release|Any CPU
		{84CB224B-AC0E-4EE1-8C92-D3B5D2357DDA}.Release|Any CPU.Build.0 = Release|Any CPU
		{E8AFDED0-11EB-4A74-B8D2-F2653732E34C}.Debug|Any CPU.ActiveCfg = Debug|Any CPU
		{E8AFDED0-11EB-4A74-B8D2-F2653732E34C}.Debug|Any CPU.Build.0 = Debug|Any CPU
		{E8AFDED0-11EB-4A74-B8D2-F2653732E34C}.Release|Any CPU.ActiveCfg = Release|Any CPU
		{E8AFDED0-11EB-4A74-B8D2-F2653732E34C}.Release|Any CPU.Build.0 = Release|Any CPU
	EndGlobalSection
	GlobalSection(SolutionProperties) = preSolution
		HideSolutionNode = FALSE
	EndGlobalSection
EndGlobal
